
Microsoft Visual Studio Solution File, Format Version 12.00
# Visual Studio Version 17
VisualStudioVersion = 17.13.35931.197
MinimumVisualStudioVersion = 10.0.40219.1
Project("{FAE04EC0-301F-11D3-BF4B-00C04F79EFBC}") = "Interfaces", "Interfaces\Interfaces.csproj", "{8A5A900D-31F9-4C5D-95BB-BE3B2532261A}"
EndProject
Project("{FAE04EC0-301F-11D3-BF4B-00C04F79EFBC}") = "ExercicioFixacao", "ExercicioFixacao\ExercicioFixacao.csproj", "{7CB6FC95-1BB4-4DB4-A248-0BD00E80A9D8}"
EndProject
Project("{FAE04EC0-301F-11D3-BF4B-00C04F79EFBC}") = "MultInheretance", "MultInheretance\MultInheretance.csproj", "{EB0552B3-B269-4F4C-A091-54A6C18C8528}"
EndProject
Global
	GlobalSection(SolutionConfigurationPlatforms) = preSolution
		Debug|Any CPU = Debug|Any CPU
		Release|Any CPU = Release|Any CPU
	EndGlobalSection
	GlobalSection(ProjectConfigurationPlatforms) = postSolution
		{8A5A900D-31F9-4C5D-95BB-BE3B2532261A}.Debug|Any CPU.ActiveCfg = Debug|Any CPU
		{8A5A900D-31F9-4C5D-95BB-BE3B2532261A}.Debug|Any CPU.Build.0 = Debug|Any CPU
		{8A5A900D-31F9-4C5D-95BB-BE3B2532261A}.Release|Any CPU.ActiveCfg = Release|Any CPU
		{8A5A900D-31F9-4C5D-95BB-BE3B2532261A}.Release|Any CPU.Build.0 = Release|Any CPU
		{7CB6FC95-1BB4-4DB4-A248-0BD00E80A9D8}.Debug|Any CPU.ActiveCfg = Debug|Any CPU
		{7CB6FC95-1BB4-4DB4-A248-0BD00E80A9D8}.Debug|Any CPU.Build.0 = Debug|Any CPU
		{7CB6FC95-1BB4-4DB4-A248-0BD00E80A9D8}.Release|Any CPU.ActiveCfg = Release|Any CPU
		{7CB6FC95-1BB4-4DB4-A248-0BD00E80A9D8}.Release|Any CPU.Build.0 = Release|Any CPU
		{EB0552B3-B269-4F4C-A091-54A6C18C8528}.Debug|Any CPU.ActiveCfg = Debug|Any CPU
		{EB0552B3-B269-4F4C-A091-54A6C18C8528}.Debug|Any CPU.Build.0 = Debug|Any CPU
		{EB0552B3-B269-4F4C-A091-54A6C18C8528}.Release|Any CPU.ActiveCfg = Release|Any CPU
		{EB0552B3-B269-4F4C-A091-54A6C18C8528}.Release|Any CPU.Build.0 = Release|Any CPU
	EndGlobalSection
	GlobalSection(SolutionProperties) = preSolution
		HideSolutionNode = FALSE
	EndGlobalSection
	GlobalSection(ExtensibilityGlobals) = postSolution
		SolutionGuid = {23320401-5795-4CE3-B1E5-41D50F455782}
	EndGlobalSection
EndGlobal
